// !$*UTF8*$!
{
	archiveVersion = 1;
	classes = {
	};
	objectVersion = 46;
	objects = {

/* Begin PBXBuildFile section */
		65079DC01AAE0ECA009DFD2E /* GasPump.pxm in Resources */ = {isa = PBXBuildFile; fileRef = 65079DBD1AAE0ECA009DFD2E /* GasPump.pxm */; };
		65079DC11AAE0ECA009DFD2E /* GasPumpBlank.png in Resources */ = {isa = PBXBuildFile; fileRef = 65079DBE1AAE0ECA009DFD2E /* GasPumpBlank.png */; };
		65079DC21AAE0ECA009DFD2E /* GasPumpUnknown.png in Resources */ = {isa = PBXBuildFile; fileRef = 65079DBF1AAE0ECA009DFD2E /* GasPumpUnknown.png */; };
		65094A7E1AA7F3F400B1FEB0 /* RefuellingStationsListViewController.swift in Sources */ = {isa = PBXBuildFile; fileRef = 65094A7D1AA7F3F400B1FEB0 /* RefuellingStationsListViewController.swift */; };
		651171A61ACDA309005C4AE8 /* DashboardViewController.swift in Sources */ = {isa = PBXBuildFile; fileRef = 65E6E0FE1ACD0F310069960E /* DashboardViewController.swift */; };
		651171AB1ACDA343005C4AE8 /* Dashboard.swift in Sources */ = {isa = PBXBuildFile; fileRef = 651171AA1ACDA343005C4AE8 /* Dashboard.swift */; };
		651171AC1ACDA4DF005C4AE8 /* Dashboard.swift in Sources */ = {isa = PBXBuildFile; fileRef = 651171AA1ACDA343005C4AE8 /* Dashboard.swift */; };
		651171AF1ACDA5C7005C4AE8 /* DashboardTests.swift in Sources */ = {isa = PBXBuildFile; fileRef = 651171AE1ACDA5C7005C4AE8 /* DashboardTests.swift */; };
		6520A4431ADEF27800C9ED99 /* iAd.framework in Frameworks */ = {isa = PBXBuildFile; fileRef = 6520A4421ADEF27800C9ED99 /* iAd.framework */; };
		6520A4481ADF0E6500C9ED99 /* AppIconTransparent.png in Resources */ = {isa = PBXBuildFile; fileRef = 6520A4471ADF0E6500C9ED99 /* AppIconTransparent.png */; };
		65269E0E1AAD66E500AA47D6 /* DateHelpers.swift in Sources */ = {isa = PBXBuildFile; fileRef = 65269E0D1AAD66E500AA47D6 /* DateHelpers.swift */; };
		653837A11AF3BF57003DEB52 /* compact.swift in Sources */ = {isa = PBXBuildFile; fileRef = 653837A01AF3BF57003DEB52 /* compact.swift */; };
		653837A21AF3BF57003DEB52 /* compact.swift in Sources */ = {isa = PBXBuildFile; fileRef = 653837A01AF3BF57003DEB52 /* compact.swift */; };
		653B89151AD0415900F5EA41 /* BarGraphIconSelected.png in Resources */ = {isa = PBXBuildFile; fileRef = 653B89141AD0415900F5EA41 /* BarGraphIconSelected.png */; };
		653B89191AD041E900F5EA41 /* BarGraphIconSelected.png in Resources */ = {isa = PBXBuildFile; fileRef = 653B89141AD0415900F5EA41 /* BarGraphIconSelected.png */; };
		654E4EFB1AB0AA5600AAE994 /* Observable.swift in Sources */ = {isa = PBXBuildFile; fileRef = 654E4EFA1AB0AA5600AAE994 /* Observable.swift */; };
		654E4EFF1AB0AC5200AAE994 /* Observable.swift in Sources */ = {isa = PBXBuildFile; fileRef = 654E4EFA1AB0AA5600AAE994 /* Observable.swift */; };
		65572FF41AAFEF1B0079739E /* AppIcon.png in Resources */ = {isa = PBXBuildFile; fileRef = 65572FF31AAFEF1B0079739E /* AppIcon.png */; };
		65572FFA1AAFF1EA0079739E /* Images.xcassets in Resources */ = {isa = PBXBuildFile; fileRef = 65572FF91AAFF1EA0079739E /* Images.xcassets */; };
		656919A41AB4BED7000E9AC2 /* Splash.png in Resources */ = {isa = PBXBuildFile; fileRef = 656919A21AB4BED7000E9AC2 /* Splash.png */; };
		656919A51AB4BED7000E9AC2 /* Splash.pxm in Resources */ = {isa = PBXBuildFile; fileRef = 656919A31AB4BED7000E9AC2 /* Splash.pxm */; };
		659B08C61AE4395E004E94AF /* KeyboardNavigationView.swift in Sources */ = {isa = PBXBuildFile; fileRef = 65AAEC461AE416F900DD81A5 /* KeyboardNavigationView.swift */; };
		65AAEC471AE416F900DD81A5 /* KeyboardNavigationView.swift in Sources */ = {isa = PBXBuildFile; fileRef = 65AAEC461AE416F900DD81A5 /* KeyboardNavigationView.swift */; };
		65B4DE6F1AA787CC00FAC9ED /* CoreLocation.framework in Frameworks */ = {isa = PBXBuildFile; fileRef = 65B4DE6E1AA787CC00FAC9ED /* CoreLocation.framework */; };
		65B4DE711AA7C14000FAC9ED /* RefuellingStationStore.swift in Sources */ = {isa = PBXBuildFile; fileRef = 65B4DE701AA7C14000FAC9ED /* RefuellingStationStore.swift */; };
		65B4DE731AA7C17F00FAC9ED /* RefuellingStation.swift in Sources */ = {isa = PBXBuildFile; fileRef = 65B4DE721AA7C17F00FAC9ED /* RefuellingStation.swift */; };
		65B4DE861AA7D4BC00FAC9ED /* Alamofire.framework in Frameworks */ = {isa = PBXBuildFile; fileRef = 65B4DE7C1AA7C57200FAC9ED /* Alamofire.framework */; };
		65B4DE8B1AA7D57C00FAC9ED /* Alamofire.framework in Copy Frameworks */ = {isa = PBXBuildFile; fileRef = 65B4DE7C1AA7C57200FAC9ED /* Alamofire.framework */; settings = {ATTRIBUTES = (CodeSignOnCopy, RemoveHeadersOnCopy, ); }; };
		65B68E921B12A50100C67EE4 /* RefuelDetailViewController.swift in Sources */ = {isa = PBXBuildFile; fileRef = 65B68E911B12A50100C67EE4 /* RefuelDetailViewController.swift */; };
		65B68E931B12A50100C67EE4 /* RefuelDetailViewController.swift in Sources */ = {isa = PBXBuildFile; fileRef = 65B68E911B12A50100C67EE4 /* RefuelDetailViewController.swift */; };
		65C5AEEC1AABBC3900F97447 /* RefuelCSVWrapperTests.swift in Sources */ = {isa = PBXBuildFile; fileRef = 65C5AEEB1AABBC3900F97447 /* RefuelCSVWrapperTests.swift */; };
		65C5AEED1AABBD9100F97447 /* Refuel.swift in Sources */ = {isa = PBXBuildFile; fileRef = 65FDDCAA1AA5765200EBF26E /* Refuel.swift */; };
		65C5AEEE1AABBDA400F97447 /* RefuellingStation.swift in Sources */ = {isa = PBXBuildFile; fileRef = 65B4DE721AA7C17F00FAC9ED /* RefuellingStation.swift */; };
		65C5AEEF1AABBDD100F97447 /* CoreDataStore.swift in Sources */ = {isa = PBXBuildFile; fileRef = 65FDDCA11AA572CE00EBF26E /* CoreDataStore.swift */; };
		65C5AEF01AABBDD400F97447 /* AppDelegate.swift in Sources */ = {isa = PBXBuildFile; fileRef = 65FDDC801AA5728C00EBF26E /* AppDelegate.swift */; };
		65C5AEF11AABBDD900F97447 /* RefuelStore.swift in Sources */ = {isa = PBXBuildFile; fileRef = 65FDDCA41AA572FA00EBF26E /* RefuelStore.swift */; };
		65C5AEF21AABBDDC00F97447 /* RefuellingStationStore.swift in Sources */ = {isa = PBXBuildFile; fileRef = 65B4DE701AA7C14000FAC9ED /* RefuellingStationStore.swift */; };
		65C5AEF31AABBDE100F97447 /* RefuellingStationsListViewController.swift in Sources */ = {isa = PBXBuildFile; fileRef = 65094A7D1AA7F3F400B1FEB0 /* RefuellingStationsListViewController.swift */; };
		65C5AEF41AABBDE400F97447 /* NewRefuelViewController.swift in Sources */ = {isa = PBXBuildFile; fileRef = 65FDDCAF1AA579E900EBF26E /* NewRefuelViewController.swift */; };
		65C5AEF51AABBDE600F97447 /* RefuelListViewController.swift in Sources */ = {isa = PBXBuildFile; fileRef = 65FDDCAD1AA5771E00EBF26E /* RefuelListViewController.swift */; };
		65C5AEF61AABBDEA00F97447 /* GoogleMapsAPI.swift in Sources */ = {isa = PBXBuildFile; fileRef = 65F96F261AAA15A9003EBDCF /* GoogleMapsAPI.swift */; };
		65C5AEF71AABBDF500F97447 /* Main.storyboard in Resources */ = {isa = PBXBuildFile; fileRef = 65FDDC841AA5728C00EBF26E /* Main.storyboard */; };
		65C5AEF81AABBDF900F97447 /* LaunchScreen.xib in Resources */ = {isa = PBXBuildFile; fileRef = 65FDDC891AA5728C00EBF26E /* LaunchScreen.xib */; };
		65C5AEF91AABBE0000F97447 /* RefuelStore.xcdatamodeld in Sources */ = {isa = PBXBuildFile; fileRef = 65FDDCA61AA5734500EBF26E /* RefuelStore.xcdatamodeld */; };
		65C5AEFC1AABC26700F97447 /* RefuelCSVWrapper.swift in Sources */ = {isa = PBXBuildFile; fileRef = 65C5AEFB1AABC26700F97447 /* RefuelCSVWrapper.swift */; };
		65C5AEFD1AABC2D000F97447 /* RefuelCSVWrapper.swift in Sources */ = {isa = PBXBuildFile; fileRef = 65C5AEFB1AABC26700F97447 /* RefuelCSVWrapper.swift */; };
		65E6E0F61ACD01540069960E /* RefuelsTabBarController.swift in Sources */ = {isa = PBXBuildFile; fileRef = 65E6E0F51ACD01540069960E /* RefuelsTabBarController.swift */; };
		65E6E0FC1ACD0E120069960E /* BarGraphIcon.pxm in Resources */ = {isa = PBXBuildFile; fileRef = 65E6E0FA1ACD0E120069960E /* BarGraphIcon.pxm */; };
		65E6E0FD1ACD0E120069960E /* BarGraphIcon.png in Resources */ = {isa = PBXBuildFile; fileRef = 65E6E0FB1ACD0E120069960E /* BarGraphIcon.png */; };
		65E6E0FF1ACD0F310069960E /* DashboardViewController.swift in Sources */ = {isa = PBXBuildFile; fileRef = 65E6E0FE1ACD0F310069960E /* DashboardViewController.swift */; };
		65E6E1011ACD16AB0069960E /* Formatters.swift in Sources */ = {isa = PBXBuildFile; fileRef = 65E6E1001ACD16AB0069960E /* Formatters.swift */; };
		65E6E1021ACD17F00069960E /* Formatters.swift in Sources */ = {isa = PBXBuildFile; fileRef = 65E6E1001ACD16AB0069960E /* Formatters.swift */; };
		65F96F241AAA1531003EBDCF /* RefuellingStationStoreTests.swift in Sources */ = {isa = PBXBuildFile; fileRef = 65F96F231AAA1531003EBDCF /* RefuellingStationStoreTests.swift */; };
		65F96F271AAA15A9003EBDCF /* GoogleMapsAPI.swift in Sources */ = {isa = PBXBuildFile; fileRef = 65F96F261AAA15A9003EBDCF /* GoogleMapsAPI.swift */; };
		65F96F291AAAF38A003EBDCF /* MessageUI.framework in Frameworks */ = {isa = PBXBuildFile; fileRef = 65F96F281AAAF38A003EBDCF /* MessageUI.framework */; };
		65FDDC811AA5728C00EBF26E /* AppDelegate.swift in Sources */ = {isa = PBXBuildFile; fileRef = 65FDDC801AA5728C00EBF26E /* AppDelegate.swift */; };
		65FDDC861AA5728C00EBF26E /* Main.storyboard in Resources */ = {isa = PBXBuildFile; fileRef = 65FDDC841AA5728C00EBF26E /* Main.storyboard */; };
		65FDDC8B1AA5728C00EBF26E /* LaunchScreen.xib in Resources */ = {isa = PBXBuildFile; fileRef = 65FDDC891AA5728C00EBF26E /* LaunchScreen.xib */; };
		65FDDC971AA5728C00EBF26E /* AutometryTests.swift in Sources */ = {isa = PBXBuildFile; fileRef = 65FDDC961AA5728C00EBF26E /* AutometryTests.swift */; };
		65FDDCA21AA572CE00EBF26E /* CoreDataStore.swift in Sources */ = {isa = PBXBuildFile; fileRef = 65FDDCA11AA572CE00EBF26E /* CoreDataStore.swift */; };
		65FDDCA51AA572FA00EBF26E /* RefuelStore.swift in Sources */ = {isa = PBXBuildFile; fileRef = 65FDDCA41AA572FA00EBF26E /* RefuelStore.swift */; };
		65FDDCA81AA5734500EBF26E /* RefuelStore.xcdatamodeld in Sources */ = {isa = PBXBuildFile; fileRef = 65FDDCA61AA5734500EBF26E /* RefuelStore.xcdatamodeld */; };
		65FDDCAB1AA5765200EBF26E /* Refuel.swift in Sources */ = {isa = PBXBuildFile; fileRef = 65FDDCAA1AA5765200EBF26E /* Refuel.swift */; };
		65FDDCAE1AA5771E00EBF26E /* RefuelListViewController.swift in Sources */ = {isa = PBXBuildFile; fileRef = 65FDDCAD1AA5771E00EBF26E /* RefuelListViewController.swift */; };
		65FDDCB01AA579E900EBF26E /* NewRefuelViewController.swift in Sources */ = {isa = PBXBuildFile; fileRef = 65FDDCAF1AA579E900EBF26E /* NewRefuelViewController.swift */; };
/* End PBXBuildFile section */

/* Begin PBXContainerItemProxy section */
		65B4DE7B1AA7C57200FAC9ED /* PBXContainerItemProxy */ = {
			isa = PBXContainerItemProxy;
			containerPortal = 65B4DE741AA7C57200FAC9ED /* Alamofire.xcodeproj */;
			proxyType = 2;
			remoteGlobalIDString = F8111E3319A95C8B0040E7D1;
			remoteInfo = "Alamofire iOS";
		};
		65B4DE7D1AA7C57200FAC9ED /* PBXContainerItemProxy */ = {
			isa = PBXContainerItemProxy;
			containerPortal = 65B4DE741AA7C57200FAC9ED /* Alamofire.xcodeproj */;
			proxyType = 2;
			remoteGlobalIDString = 4DD67C0B1A5C55C900ED2280;
			remoteInfo = "Alamofire OSX";
		};
		65B4DE7F1AA7C57200FAC9ED /* PBXContainerItemProxy */ = {
			isa = PBXContainerItemProxy;
			containerPortal = 65B4DE741AA7C57200FAC9ED /* Alamofire.xcodeproj */;
			proxyType = 2;
			remoteGlobalIDString = F8111E3E19A95C8B0040E7D1;
			remoteInfo = "Alamofire iOS Tests";
		};
		65B4DE811AA7C57200FAC9ED /* PBXContainerItemProxy */ = {
			isa = PBXContainerItemProxy;
			containerPortal = 65B4DE741AA7C57200FAC9ED /* Alamofire.xcodeproj */;
			proxyType = 2;
			remoteGlobalIDString = F829C6B21A7A94F100A2CD59;
			remoteInfo = "Alamofire OSX Tests";
		};
		65B4DE831AA7C5C600FAC9ED /* PBXContainerItemProxy */ = {
			isa = PBXContainerItemProxy;
			containerPortal = 65B4DE741AA7C57200FAC9ED /* Alamofire.xcodeproj */;
			proxyType = 1;
			remoteGlobalIDString = F8111E3219A95C8B0040E7D1;
			remoteInfo = "Alamofire iOS";
		};
		65FDDC911AA5728C00EBF26E /* PBXContainerItemProxy */ = {
			isa = PBXContainerItemProxy;
			containerPortal = 65FDDC731AA5728C00EBF26E /* Project object */;
			proxyType = 1;
			remoteGlobalIDString = 65FDDC7A1AA5728C00EBF26E;
			remoteInfo = Autometry;
		};
/* End PBXContainerItemProxy section */

/* Begin PBXCopyFilesBuildPhase section */
		65B4DE851AA7C5DB00FAC9ED /* Copy Frameworks */ = {
			isa = PBXCopyFilesBuildPhase;
			buildActionMask = 2147483647;
			dstPath = "";
			dstSubfolderSpec = 10;
			files = (
				65B4DE8B1AA7D57C00FAC9ED /* Alamofire.framework in Copy Frameworks */,
			);
			name = "Copy Frameworks";
			runOnlyForDeploymentPostprocessing = 0;
		};
/* End PBXCopyFilesBuildPhase section */

/* Begin PBXFileReference section */
		65079DBD1AAE0ECA009DFD2E /* GasPump.pxm */ = {isa = PBXFileReference; lastKnownFileType = file; path = GasPump.pxm; sourceTree = "<group>"; };
		65079DBE1AAE0ECA009DFD2E /* GasPumpBlank.png */ = {isa = PBXFileReference; lastKnownFileType = image.png; path = GasPumpBlank.png; sourceTree = "<group>"; };
		65079DBF1AAE0ECA009DFD2E /* GasPumpUnknown.png */ = {isa = PBXFileReference; lastKnownFileType = image.png; path = GasPumpUnknown.png; sourceTree = "<group>"; };
		65094A7D1AA7F3F400B1FEB0 /* RefuellingStationsListViewController.swift */ = {isa = PBXFileReference; fileEncoding = 4; lastKnownFileType = sourcecode.swift; path = RefuellingStationsListViewController.swift; sourceTree = "<group>"; };
		65094A861AA8C65100B1FEB0 /* RefuelStore 2.xcdatamodel */ = {isa = PBXFileReference; lastKnownFileType = wrapper.xcdatamodel; path = "RefuelStore 2.xcdatamodel"; sourceTree = "<group>"; };
		651171AA1ACDA343005C4AE8 /* Dashboard.swift */ = {isa = PBXFileReference; fileEncoding = 4; lastKnownFileType = sourcecode.swift; path = Dashboard.swift; sourceTree = "<group>"; };
		651171AE1ACDA5C7005C4AE8 /* DashboardTests.swift */ = {isa = PBXFileReference; fileEncoding = 4; lastKnownFileType = sourcecode.swift; path = DashboardTests.swift; sourceTree = "<group>"; };
		6520A4421ADEF27800C9ED99 /* iAd.framework */ = {isa = PBXFileReference; lastKnownFileType = wrapper.framework; name = iAd.framework; path = System/Library/Frameworks/iAd.framework; sourceTree = SDKROOT; };
		6520A4471ADF0E6500C9ED99 /* AppIconTransparent.png */ = {isa = PBXFileReference; lastKnownFileType = image.png; path = AppIconTransparent.png; sourceTree = "<group>"; };
		65269E0D1AAD66E500AA47D6 /* DateHelpers.swift */ = {isa = PBXFileReference; fileEncoding = 4; lastKnownFileType = sourcecode.swift; path = DateHelpers.swift; sourceTree = "<group>"; };
		653837A01AF3BF57003DEB52 /* compact.swift */ = {isa = PBXFileReference; fileEncoding = 4; lastKnownFileType = sourcecode.swift; path = compact.swift; sourceTree = "<group>"; };
		653B89141AD0415900F5EA41 /* BarGraphIconSelected.png */ = {isa = PBXFileReference; lastKnownFileType = image.png; path = BarGraphIconSelected.png; sourceTree = "<group>"; };
		654E4EFA1AB0AA5600AAE994 /* Observable.swift */ = {isa = PBXFileReference; fileEncoding = 4; lastKnownFileType = sourcecode.swift; path = Observable.swift; sourceTree = "<group>"; };
		65572FF31AAFEF1B0079739E /* AppIcon.png */ = {isa = PBXFileReference; lastKnownFileType = image.png; path = AppIcon.png; sourceTree = "<group>"; };
		65572FF81AAFEF220079739E /* AppIcon.pxm */ = {isa = PBXFileReference; lastKnownFileType = file; path = AppIcon.pxm; sourceTree = "<group>"; };
		65572FF91AAFF1EA0079739E /* Images.xcassets */ = {isa = PBXFileReference; lastKnownFileType = folder.assetcatalog; name = Images.xcassets; path = ../Images.xcassets; sourceTree = "<group>"; };
		656919A21AB4BED7000E9AC2 /* Splash.png */ = {isa = PBXFileReference; lastKnownFileType = image.png; path = Splash.png; sourceTree = "<group>"; };
		656919A31AB4BED7000E9AC2 /* Splash.pxm */ = {isa = PBXFileReference; lastKnownFileType = file; path = Splash.pxm; sourceTree = "<group>"; };
		656A0BE11B4DE852008E301C /* RefuelStore 3.xcdatamodel */ = {isa = PBXFileReference; lastKnownFileType = wrapper.xcdatamodel; path = "RefuelStore 3.xcdatamodel"; sourceTree = "<group>"; };
		65AAEC461AE416F900DD81A5 /* KeyboardNavigationView.swift */ = {isa = PBXFileReference; fileEncoding = 4; lastKnownFileType = sourcecode.swift; path = KeyboardNavigationView.swift; sourceTree = "<group>"; };
		65B4DE6E1AA787CC00FAC9ED /* CoreLocation.framework */ = {isa = PBXFileReference; lastKnownFileType = wrapper.framework; name = CoreLocation.framework; path = System/Library/Frameworks/CoreLocation.framework; sourceTree = SDKROOT; };
		65B4DE701AA7C14000FAC9ED /* RefuellingStationStore.swift */ = {isa = PBXFileReference; fileEncoding = 4; lastKnownFileType = sourcecode.swift; path = RefuellingStationStore.swift; sourceTree = "<group>"; };
		65B4DE721AA7C17F00FAC9ED /* RefuellingStation.swift */ = {isa = PBXFileReference; fileEncoding = 4; lastKnownFileType = sourcecode.swift; path = RefuellingStation.swift; sourceTree = "<group>"; };
		65B4DE741AA7C57200FAC9ED /* Alamofire.xcodeproj */ = {isa = PBXFileReference; lastKnownFileType = "wrapper.pb-project"; name = Alamofire.xcodeproj; path = ../Alamofire/Alamofire.xcodeproj; sourceTree = "<group>"; };
		65B68E911B12A50100C67EE4 /* RefuelDetailViewController.swift */ = {isa = PBXFileReference; fileEncoding = 4; lastKnownFileType = sourcecode.swift; path = RefuelDetailViewController.swift; sourceTree = "<group>"; };
		65C5AEEB1AABBC3900F97447 /* RefuelCSVWrapperTests.swift */ = {isa = PBXFileReference; fileEncoding = 4; lastKnownFileType = sourcecode.swift; path = RefuelCSVWrapperTests.swift; sourceTree = "<group>"; };
		65C5AEFB1AABC26700F97447 /* RefuelCSVWrapper.swift */ = {isa = PBXFileReference; fileEncoding = 4; lastKnownFileType = sourcecode.swift; path = RefuelCSVWrapper.swift; sourceTree = "<group>"; };
		65E6E0F51ACD01540069960E /* RefuelsTabBarController.swift */ = {isa = PBXFileReference; fileEncoding = 4; lastKnownFileType = sourcecode.swift; path = RefuelsTabBarController.swift; sourceTree = "<group>"; };
		65E6E0FA1ACD0E120069960E /* BarGraphIcon.pxm */ = {isa = PBXFileReference; lastKnownFileType = file; path = BarGraphIcon.pxm; sourceTree = "<group>"; };
		65E6E0FB1ACD0E120069960E /* BarGraphIcon.png */ = {isa = PBXFileReference; lastKnownFileType = image.png; path = BarGraphIcon.png; sourceTree = "<group>"; };
		65E6E0FE1ACD0F310069960E /* DashboardViewController.swift */ = {isa = PBXFileReference; fileEncoding = 4; lastKnownFileType = sourcecode.swift; path = DashboardViewController.swift; sourceTree = "<group>"; };
		65E6E1001ACD16AB0069960E /* Formatters.swift */ = {isa = PBXFileReference; fileEncoding = 4; lastKnownFileType = sourcecode.swift; path = Formatters.swift; sourceTree = "<group>"; };
		65F96F231AAA1531003EBDCF /* RefuellingStationStoreTests.swift */ = {isa = PBXFileReference; fileEncoding = 4; lastKnownFileType = sourcecode.swift; path = RefuellingStationStoreTests.swift; sourceTree = "<group>"; };
		65F96F261AAA15A9003EBDCF /* GoogleMapsAPI.swift */ = {isa = PBXFileReference; fileEncoding = 4; lastKnownFileType = sourcecode.swift; path = GoogleMapsAPI.swift; sourceTree = "<group>"; };
		65F96F281AAAF38A003EBDCF /* MessageUI.framework */ = {isa = PBXFileReference; lastKnownFileType = wrapper.framework; name = MessageUI.framework; path = System/Library/Frameworks/MessageUI.framework; sourceTree = SDKROOT; };
		65FDDC7B1AA5728C00EBF26E /* Autometry.app */ = {isa = PBXFileReference; explicitFileType = wrapper.application; includeInIndex = 0; path = Autometry.app; sourceTree = BUILT_PRODUCTS_DIR; };
		65FDDC7F1AA5728C00EBF26E /* Info.plist */ = {isa = PBXFileReference; lastKnownFileType = text.plist.xml; path = Info.plist; sourceTree = "<group>"; };
		65FDDC801AA5728C00EBF26E /* AppDelegate.swift */ = {isa = PBXFileReference; lastKnownFileType = sourcecode.swift; path = AppDelegate.swift; sourceTree = "<group>"; };
		65FDDC851AA5728C00EBF26E /* Base */ = {isa = PBXFileReference; lastKnownFileType = file.storyboard; name = Base; path = Base.lproj/Main.storyboard; sourceTree = "<group>"; };
		65FDDC8A1AA5728C00EBF26E /* Base */ = {isa = PBXFileReference; lastKnownFileType = file.xib; name = Base; path = Base.lproj/LaunchScreen.xib; sourceTree = "<group>"; };
		65FDDC901AA5728C00EBF26E /* AutometryTests.xctest */ = {isa = PBXFileReference; explicitFileType = wrapper.cfbundle; includeInIndex = 0; path = AutometryTests.xctest; sourceTree = BUILT_PRODUCTS_DIR; };
		65FDDC951AA5728C00EBF26E /* Info.plist */ = {isa = PBXFileReference; lastKnownFileType = text.plist.xml; path = Info.plist; sourceTree = "<group>"; };
		65FDDC961AA5728C00EBF26E /* AutometryTests.swift */ = {isa = PBXFileReference; lastKnownFileType = sourcecode.swift; path = AutometryTests.swift; sourceTree = "<group>"; };
		65FDDCA11AA572CE00EBF26E /* CoreDataStore.swift */ = {isa = PBXFileReference; fileEncoding = 4; lastKnownFileType = sourcecode.swift; path = CoreDataStore.swift; sourceTree = "<group>"; };
		65FDDCA41AA572FA00EBF26E /* RefuelStore.swift */ = {isa = PBXFileReference; fileEncoding = 4; lastKnownFileType = sourcecode.swift; path = RefuelStore.swift; sourceTree = "<group>"; };
		65FDDCA71AA5734500EBF26E /* RefuelStore.xcdatamodel */ = {isa = PBXFileReference; lastKnownFileType = wrapper.xcdatamodel; path = RefuelStore.xcdatamodel; sourceTree = "<group>"; };
		65FDDCAA1AA5765200EBF26E /* Refuel.swift */ = {isa = PBXFileReference; fileEncoding = 4; lastKnownFileType = sourcecode.swift; path = Refuel.swift; sourceTree = "<group>"; };
		65FDDCAD1AA5771E00EBF26E /* RefuelListViewController.swift */ = {isa = PBXFileReference; fileEncoding = 4; lastKnownFileType = sourcecode.swift; path = RefuelListViewController.swift; sourceTree = "<group>"; };
		65FDDCAF1AA579E900EBF26E /* NewRefuelViewController.swift */ = {isa = PBXFileReference; fileEncoding = 4; lastKnownFileType = sourcecode.swift; path = NewRefuelViewController.swift; sourceTree = "<group>"; };
/* End PBXFileReference section */

/* Begin PBXFrameworksBuildPhase section */
		65FDDC781AA5728C00EBF26E /* Frameworks */ = {
			isa = PBXFrameworksBuildPhase;
			buildActionMask = 2147483647;
			files = (
				6520A4431ADEF27800C9ED99 /* iAd.framework in Frameworks */,
				65F96F291AAAF38A003EBDCF /* MessageUI.framework in Frameworks */,
				65B4DE861AA7D4BC00FAC9ED /* Alamofire.framework in Frameworks */,
				65B4DE6F1AA787CC00FAC9ED /* CoreLocation.framework in Frameworks */,
			);
			runOnlyForDeploymentPostprocessing = 0;
		};
		65FDDC8D1AA5728C00EBF26E /* Frameworks */ = {
			isa = PBXFrameworksBuildPhase;
			buildActionMask = 2147483647;
			files = (
			);
			runOnlyForDeploymentPostprocessing = 0;
		};
/* End PBXFrameworksBuildPhase section */

/* Begin PBXGroup section */
		65079DBC1AAE0ECA009DFD2E /* Graphics */ = {
			isa = PBXGroup;
			children = (
				65079DBD1AAE0ECA009DFD2E /* GasPump.pxm */,
				65079DBE1AAE0ECA009DFD2E /* GasPumpBlank.png */,
				65079DBF1AAE0ECA009DFD2E /* GasPumpUnknown.png */,
				65572FF81AAFEF220079739E /* AppIcon.pxm */,
				65572FF31AAFEF1B0079739E /* AppIcon.png */,
				6520A4471ADF0E6500C9ED99 /* AppIconTransparent.png */,
				656919A21AB4BED7000E9AC2 /* Splash.png */,
				656919A31AB4BED7000E9AC2 /* Splash.pxm */,
				65E6E0FA1ACD0E120069960E /* BarGraphIcon.pxm */,
				65E6E0FB1ACD0E120069960E /* BarGraphIcon.png */,
				653B89141AD0415900F5EA41 /* BarGraphIconSelected.png */,
			);
			path = Graphics;
			sourceTree = "<group>";
		};
		651171AD1ACDA5B9005C4AE8 /* models */ = {
			isa = PBXGroup;
			children = (
				651171AE1ACDA5C7005C4AE8 /* DashboardTests.swift */,
			);
			name = models;
			sourceTree = "<group>";
		};
		65AAEC421AE416E700DD81A5 /* views */ = {
			isa = PBXGroup;
			children = (
				65AAEC461AE416F900DD81A5 /* KeyboardNavigationView.swift */,
			);
			name = views;
			sourceTree = "<group>";
		};
		65B4DE751AA7C57200FAC9ED /* Products */ = {
			isa = PBXGroup;
			children = (
				65B4DE7C1AA7C57200FAC9ED /* Alamofire.framework */,
				65B4DE7E1AA7C57200FAC9ED /* Alamofire.framework */,
				65B4DE801AA7C57200FAC9ED /* Alamofire iOS Tests.xctest */,
				65B4DE821AA7C57200FAC9ED /* Alamofire OSX Tests.xctest */,
			);
			name = Products;
			sourceTree = "<group>";
		};
		65C5AEE71AABBC3000F97447 /* utils */ = {
			isa = PBXGroup;
			children = (
				65C5AEEB1AABBC3900F97447 /* RefuelCSVWrapperTests.swift */,
				65269E0D1AAD66E500AA47D6 /* DateHelpers.swift */,
			);
			name = utils;
			sourceTree = "<group>";
		};
		65C5AEFA1AABC25200F97447 /* utils */ = {
			isa = PBXGroup;
			children = (
				65C5AEFB1AABC26700F97447 /* RefuelCSVWrapper.swift */,
				65E6E1001ACD16AB0069960E /* Formatters.swift */,
				653837A01AF3BF57003DEB52 /* compact.swift */,
			);
			name = utils;
			sourceTree = "<group>";
		};
		65F96F1F1AAA1516003EBDCF /* stores */ = {
			isa = PBXGroup;
			children = (
				65F96F231AAA1531003EBDCF /* RefuellingStationStoreTests.swift */,
			);
			name = stores;
			sourceTree = "<group>";
		};
		65F96F251AAA1597003EBDCF /* api */ = {
			isa = PBXGroup;
			children = (
				65F96F261AAA15A9003EBDCF /* GoogleMapsAPI.swift */,
			);
			name = api;
			sourceTree = "<group>";
		};
		65FDDC721AA5728C00EBF26E = {
			isa = PBXGroup;
			children = (
				6520A4421ADEF27800C9ED99 /* iAd.framework */,
				65F96F281AAAF38A003EBDCF /* MessageUI.framework */,
				65B4DE741AA7C57200FAC9ED /* Alamofire.xcodeproj */,
				65B4DE6E1AA787CC00FAC9ED /* CoreLocation.framework */,
				65FDDC7D1AA5728C00EBF26E /* Autometry */,
				65FDDC931AA5728C00EBF26E /* AutometryTests */,
				65FDDC7C1AA5728C00EBF26E /* Products */,
				65079DBC1AAE0ECA009DFD2E /* Graphics */,
			);
			sourceTree = "<group>";
		};
		65FDDC7C1AA5728C00EBF26E /* Products */ = {
			isa = PBXGroup;
			children = (
				65FDDC7B1AA5728C00EBF26E /* Autometry.app */,
				65FDDC901AA5728C00EBF26E /* AutometryTests.xctest */,
			);
			name = Products;
			sourceTree = "<group>";
		};
		65FDDC7D1AA5728C00EBF26E /* Autometry */ = {
			isa = PBXGroup;
			children = (
				65AAEC421AE416E700DD81A5 /* views */,
				65C5AEFA1AABC25200F97447 /* utils */,
				65F96F251AAA1597003EBDCF /* api */,
				65FDDCAC1AA576E700EBF26E /* view_controllers */,
				65FDDCA91AA5764400EBF26E /* models */,
				65FDDCA31AA572E900EBF26E /* stores */,
				65FDDCA01AA572BC00EBF26E /* lib */,
				65FDDC801AA5728C00EBF26E /* AppDelegate.swift */,
				65FDDC841AA5728C00EBF26E /* Main.storyboard */,
				65572FF91AAFF1EA0079739E /* Images.xcassets */,
				65FDDC891AA5728C00EBF26E /* LaunchScreen.xib */,
				65FDDC7E1AA5728C00EBF26E /* Supporting Files */,
				65FDDCA61AA5734500EBF26E /* RefuelStore.xcdatamodeld */,
			);
			path = Autometry;
			sourceTree = "<group>";
		};
		65FDDC7E1AA5728C00EBF26E /* Supporting Files */ = {
			isa = PBXGroup;
			children = (
				65FDDC7F1AA5728C00EBF26E /* Info.plist */,
			);
			name = "Supporting Files";
			sourceTree = "<group>";
		};
		65FDDC931AA5728C00EBF26E /* AutometryTests */ = {
			isa = PBXGroup;
			children = (
				651171AD1ACDA5B9005C4AE8 /* models */,
				65C5AEE71AABBC3000F97447 /* utils */,
				65F96F1F1AAA1516003EBDCF /* stores */,
				65FDDC961AA5728C00EBF26E /* AutometryTests.swift */,
				65FDDC941AA5728C00EBF26E /* Supporting Files */,
			);
			path = AutometryTests;
			sourceTree = "<group>";
		};
		65FDDC941AA5728C00EBF26E /* Supporting Files */ = {
			isa = PBXGroup;
			children = (
				65FDDC951AA5728C00EBF26E /* Info.plist */,
			);
			name = "Supporting Files";
			sourceTree = "<group>";
		};
		65FDDCA01AA572BC00EBF26E /* lib */ = {
			isa = PBXGroup;
			children = (
				65FDDCA11AA572CE00EBF26E /* CoreDataStore.swift */,
				654E4EFA1AB0AA5600AAE994 /* Observable.swift */,
			);
			name = lib;
			sourceTree = "<group>";
		};
		65FDDCA31AA572E900EBF26E /* stores */ = {
			isa = PBXGroup;
			children = (
				65FDDCA41AA572FA00EBF26E /* RefuelStore.swift */,
				65B4DE701AA7C14000FAC9ED /* RefuellingStationStore.swift */,
			);
			name = stores;
			sourceTree = "<group>";
		};
		65FDDCA91AA5764400EBF26E /* models */ = {
			isa = PBXGroup;
			children = (
				65FDDCAA1AA5765200EBF26E /* Refuel.swift */,
				65B4DE721AA7C17F00FAC9ED /* RefuellingStation.swift */,
				651171AA1ACDA343005C4AE8 /* Dashboard.swift */,
			);
			name = models;
			sourceTree = "<group>";
		};
		65FDDCAC1AA576E700EBF26E /* view_controllers */ = {
			isa = PBXGroup;
			children = (
				65FDDCAD1AA5771E00EBF26E /* RefuelListViewController.swift */,
				65FDDCAF1AA579E900EBF26E /* NewRefuelViewController.swift */,
				65094A7D1AA7F3F400B1FEB0 /* RefuellingStationsListViewController.swift */,
				65E6E0F51ACD01540069960E /* RefuelsTabBarController.swift */,
				65E6E0FE1ACD0F310069960E /* DashboardViewController.swift */,
				65B68E911B12A50100C67EE4 /* RefuelDetailViewController.swift */,
			);
			name = view_controllers;
			sourceTree = "<group>";
		};
/* End PBXGroup section */

/* Begin PBXNativeTarget section */
		65FDDC7A1AA5728C00EBF26E /* Autometry */ = {
			isa = PBXNativeTarget;
			buildConfigurationList = 65FDDC9A1AA5728C00EBF26E /* Build configuration list for PBXNativeTarget "Autometry" */;
			buildPhases = (
				65FDDC771AA5728C00EBF26E /* Sources */,
				65FDDC781AA5728C00EBF26E /* Frameworks */,
				65FDDC791AA5728C00EBF26E /* Resources */,
				65B4DE851AA7C5DB00FAC9ED /* Copy Frameworks */,
			);
			buildRules = (
			);
			dependencies = (
				65B4DE841AA7C5C600FAC9ED /* PBXTargetDependency */,
			);
			name = Autometry;
			productName = Autometry;
			productReference = 65FDDC7B1AA5728C00EBF26E /* Autometry.app */;
			productType = "com.apple.product-type.application";
		};
		65FDDC8F1AA5728C00EBF26E /* AutometryTests */ = {
			isa = PBXNativeTarget;
			buildConfigurationList = 65FDDC9D1AA5728C00EBF26E /* Build configuration list for PBXNativeTarget "AutometryTests" */;
			buildPhases = (
				65FDDC8C1AA5728C00EBF26E /* Sources */,
				65FDDC8D1AA5728C00EBF26E /* Frameworks */,
				65FDDC8E1AA5728C00EBF26E /* Resources */,
			);
			buildRules = (
			);
			dependencies = (
				65FDDC921AA5728C00EBF26E /* PBXTargetDependency */,
			);
			name = AutometryTests;
			productName = AutometryTests;
			productReference = 65FDDC901AA5728C00EBF26E /* AutometryTests.xctest */;
			productType = "com.apple.product-type.bundle.unit-test";
		};
/* End PBXNativeTarget section */

/* Begin PBXProject section */
		65FDDC731AA5728C00EBF26E /* Project object */ = {
			isa = PBXProject;
			attributes = {
				LastSwiftUpdateCheck = 0700;
				LastUpgradeCheck = 0610;
				ORGANIZATIONNAME = Motingo;
				TargetAttributes = {
					65FDDC7A1AA5728C00EBF26E = {
						CreatedOnToolsVersion = 6.1.1;
					};
					65FDDC8F1AA5728C00EBF26E = {
						CreatedOnToolsVersion = 6.1.1;
						TestTargetID = 65FDDC7A1AA5728C00EBF26E;
					};
				};
			};
			buildConfigurationList = 65FDDC761AA5728C00EBF26E /* Build configuration list for PBXProject "Autometry" */;
			compatibilityVersion = "Xcode 3.2";
			developmentRegion = English;
			hasScannedForEncodings = 0;
			knownRegions = (
				en,
				Base,
			);
			mainGroup = 65FDDC721AA5728C00EBF26E;
			productRefGroup = 65FDDC7C1AA5728C00EBF26E /* Products */;
			projectDirPath = "";
			projectReferences = (
				{
					ProductGroup = 65B4DE751AA7C57200FAC9ED /* Products */;
					ProjectRef = 65B4DE741AA7C57200FAC9ED /* Alamofire.xcodeproj */;
				},
			);
			projectRoot = "";
			targets = (
				65FDDC7A1AA5728C00EBF26E /* Autometry */,
				65FDDC8F1AA5728C00EBF26E /* AutometryTests */,
			);
		};
/* End PBXProject section */

/* Begin PBXReferenceProxy section */
		65B4DE7C1AA7C57200FAC9ED /* Alamofire.framework */ = {
			isa = PBXReferenceProxy;
			fileType = wrapper.framework;
			path = Alamofire.framework;
			remoteRef = 65B4DE7B1AA7C57200FAC9ED /* PBXContainerItemProxy */;
			sourceTree = BUILT_PRODUCTS_DIR;
		};
		65B4DE7E1AA7C57200FAC9ED /* Alamofire.framework */ = {
			isa = PBXReferenceProxy;
			fileType = wrapper.framework;
			path = Alamofire.framework;
			remoteRef = 65B4DE7D1AA7C57200FAC9ED /* PBXContainerItemProxy */;
			sourceTree = BUILT_PRODUCTS_DIR;
		};
		65B4DE801AA7C57200FAC9ED /* Alamofire iOS Tests.xctest */ = {
			isa = PBXReferenceProxy;
			fileType = wrapper.cfbundle;
			path = "Alamofire iOS Tests.xctest";
			remoteRef = 65B4DE7F1AA7C57200FAC9ED /* PBXContainerItemProxy */;
			sourceTree = BUILT_PRODUCTS_DIR;
		};
		65B4DE821AA7C57200FAC9ED /* Alamofire OSX Tests.xctest */ = {
			isa = PBXReferenceProxy;
			fileType = wrapper.cfbundle;
			path = "Alamofire OSX Tests.xctest";
			remoteRef = 65B4DE811AA7C57200FAC9ED /* PBXContainerItemProxy */;
			sourceTree = BUILT_PRODUCTS_DIR;
		};
/* End PBXReferenceProxy section */

/* Begin PBXResourcesBuildPhase section */
		65FDDC791AA5728C00EBF26E /* Resources */ = {
			isa = PBXResourcesBuildPhase;
			buildActionMask = 2147483647;
			files = (
				653B89151AD0415900F5EA41 /* BarGraphIconSelected.png in Resources */,
				656919A41AB4BED7000E9AC2 /* Splash.png in Resources */,
				65079DC21AAE0ECA009DFD2E /* GasPumpUnknown.png in Resources */,
				6520A4481ADF0E6500C9ED99 /* AppIconTransparent.png in Resources */,
				65FDDC861AA5728C00EBF26E /* Main.storyboard in Resources */,
				65572FFA1AAFF1EA0079739E /* Images.xcassets in Resources */,
				65FDDC8B1AA5728C00EBF26E /* LaunchScreen.xib in Resources */,
				65E6E0FC1ACD0E120069960E /* BarGraphIcon.pxm in Resources */,
				656919A51AB4BED7000E9AC2 /* Splash.pxm in Resources */,
				65079DC11AAE0ECA009DFD2E /* GasPumpBlank.png in Resources */,
				65079DC01AAE0ECA009DFD2E /* GasPump.pxm in Resources */,
				65E6E0FD1ACD0E120069960E /* BarGraphIcon.png in Resources */,
				65572FF41AAFEF1B0079739E /* AppIcon.png in Resources */,
			);
			runOnlyForDeploymentPostprocessing = 0;
		};
		65FDDC8E1AA5728C00EBF26E /* Resources */ = {
			isa = PBXResourcesBuildPhase;
			buildActionMask = 2147483647;
			files = (
				653B89191AD041E900F5EA41 /* BarGraphIconSelected.png in Resources */,
				65C5AEF81AABBDF900F97447 /* LaunchScreen.xib in Resources */,
				65C5AEF71AABBDF500F97447 /* Main.storyboard in Resources */,
			);
			runOnlyForDeploymentPostprocessing = 0;
		};
/* End PBXResourcesBuildPhase section */

/* Begin PBXSourcesBuildPhase section */
		65FDDC771AA5728C00EBF26E /* Sources */ = {
			isa = PBXSourcesBuildPhase;
			buildActionMask = 2147483647;
			files = (
				653837A11AF3BF57003DEB52 /* compact.swift in Sources */,
				65FDDCA81AA5734500EBF26E /* RefuelStore.xcdatamodeld in Sources */,
				65C5AEFC1AABC26700F97447 /* RefuelCSVWrapper.swift in Sources */,
				65E6E1011ACD16AB0069960E /* Formatters.swift in Sources */,
				65FDDCB01AA579E900EBF26E /* NewRefuelViewController.swift in Sources */,
				65F96F271AAA15A9003EBDCF /* GoogleMapsAPI.swift in Sources */,
				65E6E0F61ACD01540069960E /* RefuelsTabBarController.swift in Sources */,
				65FDDCA51AA572FA00EBF26E /* RefuelStore.swift in Sources */,
				65B68E921B12A50100C67EE4 /* RefuelDetailViewController.swift in Sources */,
				65FDDCAE1AA5771E00EBF26E /* RefuelListViewController.swift in Sources */,
				65E6E0FF1ACD0F310069960E /* DashboardViewController.swift in Sources */,
				65B4DE711AA7C14000FAC9ED /* RefuellingStationStore.swift in Sources */,
				65FDDCAB1AA5765200EBF26E /* Refuel.swift in Sources */,
				65094A7E1AA7F3F400B1FEB0 /* RefuellingStationsListViewController.swift in Sources */,
				65B4DE731AA7C17F00FAC9ED /* RefuellingStation.swift in Sources */,
				65FDDCA21AA572CE00EBF26E /* CoreDataStore.swift in Sources */,
				65FDDC811AA5728C00EBF26E /* AppDelegate.swift in Sources */,
				65AAEC471AE416F900DD81A5 /* KeyboardNavigationView.swift in Sources */,
				654E4EFB1AB0AA5600AAE994 /* Observable.swift in Sources */,
				651171AB1ACDA343005C4AE8 /* Dashboard.swift in Sources */,
			);
			runOnlyForDeploymentPostprocessing = 0;
		};
		65FDDC8C1AA5728C00EBF26E /* Sources */ = {
			isa = PBXSourcesBuildPhase;
			buildActionMask = 2147483647;
			files = (
				651171A61ACDA309005C4AE8 /* DashboardViewController.swift in Sources */,
				659B08C61AE4395E004E94AF /* KeyboardNavigationView.swift in Sources */,
				65C5AEF41AABBDE400F97447 /* NewRefuelViewController.swift in Sources */,
				651171AC1ACDA4DF005C4AE8 /* Dashboard.swift in Sources */,
				651171AF1ACDA5C7005C4AE8 /* DashboardTests.swift in Sources */,
				65C5AEEF1AABBDD100F97447 /* CoreDataStore.swift in Sources */,
				65C5AEF61AABBDEA00F97447 /* GoogleMapsAPI.swift in Sources */,
				65FDDC971AA5728C00EBF26E /* AutometryTests.swift in Sources */,
				65C5AEEC1AABBC3900F97447 /* RefuelCSVWrapperTests.swift in Sources */,
				65C5AEED1AABBD9100F97447 /* Refuel.swift in Sources */,
				65C5AEF11AABBDD900F97447 /* RefuelStore.swift in Sources */,
				65C5AEFD1AABC2D000F97447 /* RefuelCSVWrapper.swift in Sources */,
				65C5AEF01AABBDD400F97447 /* AppDelegate.swift in Sources */,
				65C5AEF91AABBE0000F97447 /* RefuelStore.xcdatamodeld in Sources */,
				65C5AEF51AABBDE600F97447 /* RefuelListViewController.swift in Sources */,
				65C5AEEE1AABBDA400F97447 /* RefuellingStation.swift in Sources */,
				65B68E931B12A50100C67EE4 /* RefuelDetailViewController.swift in Sources */,
				65E6E1021ACD17F00069960E /* Formatters.swift in Sources */,
				654E4EFF1AB0AC5200AAE994 /* Observable.swift in Sources */,
				653837A21AF3BF57003DEB52 /* compact.swift in Sources */,
				65C5AEF21AABBDDC00F97447 /* RefuellingStationStore.swift in Sources */,
				65269E0E1AAD66E500AA47D6 /* DateHelpers.swift in Sources */,
				65C5AEF31AABBDE100F97447 /* RefuellingStationsListViewController.swift in Sources */,
				65F96F241AAA1531003EBDCF /* RefuellingStationStoreTests.swift in Sources */,
			);
			runOnlyForDeploymentPostprocessing = 0;
		};
/* End PBXSourcesBuildPhase section */

/* Begin PBXTargetDependency section */
		65B4DE841AA7C5C600FAC9ED /* PBXTargetDependency */ = {
			isa = PBXTargetDependency;
			name = "Alamofire iOS";
			targetProxy = 65B4DE831AA7C5C600FAC9ED /* PBXContainerItemProxy */;
		};
		65FDDC921AA5728C00EBF26E /* PBXTargetDependency */ = {
			isa = PBXTargetDependency;
			target = 65FDDC7A1AA5728C00EBF26E /* Autometry */;
			targetProxy = 65FDDC911AA5728C00EBF26E /* PBXContainerItemProxy */;
		};
/* End PBXTargetDependency section */

/* Begin PBXVariantGroup section */
		65FDDC841AA5728C00EBF26E /* Main.storyboard */ = {
			isa = PBXVariantGroup;
			children = (
				65FDDC851AA5728C00EBF26E /* Base */,
			);
			name = Main.storyboard;
			sourceTree = "<group>";
		};
		65FDDC891AA5728C00EBF26E /* LaunchScreen.xib */ = {
			isa = PBXVariantGroup;
			children = (
				65FDDC8A1AA5728C00EBF26E /* Base */,
			);
			name = LaunchScreen.xib;
			sourceTree = "<group>";
		};
/* End PBXVariantGroup section */

/* Begin XCBuildConfiguration section */
		65FDDC981AA5728C00EBF26E /* Debug */ = {
			isa = XCBuildConfiguration;
			buildSettings = {
				ALWAYS_SEARCH_USER_PATHS = NO;
				CLANG_CXX_LANGUAGE_STANDARD = "gnu++0x";
				CLANG_CXX_LIBRARY = "libc++";
				CLANG_ENABLE_MODULES = YES;
				CLANG_ENABLE_OBJC_ARC = YES;
				CLANG_WARN_BOOL_CONVERSION = YES;
				CLANG_WARN_CONSTANT_CONVERSION = YES;
				CLANG_WARN_DIRECT_OBJC_ISA_USAGE = YES_ERROR;
				CLANG_WARN_EMPTY_BODY = YES;
				CLANG_WARN_ENUM_CONVERSION = YES;
				CLANG_WARN_INT_CONVERSION = YES;
				CLANG_WARN_OBJC_ROOT_CLASS = YES_ERROR;
				CLANG_WARN_UNREACHABLE_CODE = YES;
				CLANG_WARN__DUPLICATE_METHOD_MATCH = YES;
				"CODE_SIGN_IDENTITY[sdk=iphoneos*]" = "iPhone Developer";
				COPY_PHASE_STRIP = NO;
				ENABLE_STRICT_OBJC_MSGSEND = YES;
				GCC_C_LANGUAGE_STANDARD = gnu99;
				GCC_DYNAMIC_NO_PIC = NO;
				GCC_OPTIMIZATION_LEVEL = 0;
				GCC_PREPROCESSOR_DEFINITIONS = (
					"DEBUG=1",
					"$(inherited)",
				);
				GCC_SYMBOLS_PRIVATE_EXTERN = NO;
				GCC_WARN_64_TO_32_BIT_CONVERSION = YES;
				GCC_WARN_ABOUT_RETURN_TYPE = YES_ERROR;
				GCC_WARN_UNDECLARED_SELECTOR = YES;
				GCC_WARN_UNINITIALIZED_AUTOS = YES_AGGRESSIVE;
				GCC_WARN_UNUSED_FUNCTION = YES;
				GCC_WARN_UNUSED_VARIABLE = YES;
				IPHONEOS_DEPLOYMENT_TARGET = 8.1;
				MTL_ENABLE_DEBUG_INFO = YES;
				ONLY_ACTIVE_ARCH = YES;
				SDKROOT = iphoneos;
				SWIFT_OPTIMIZATION_LEVEL = "-Onone";
				TARGETED_DEVICE_FAMILY = "1,2";
			};
			name = Debug;
		};
		65FDDC991AA5728C00EBF26E /* Release */ = {
			isa = XCBuildConfiguration;
			buildSettings = {
				ALWAYS_SEARCH_USER_PATHS = NO;
				CLANG_CXX_LANGUAGE_STANDARD = "gnu++0x";
				CLANG_CXX_LIBRARY = "libc++";
				CLANG_ENABLE_MODULES = YES;
				CLANG_ENABLE_OBJC_ARC = YES;
				CLANG_WARN_BOOL_CONVERSION = YES;
				CLANG_WARN_CONSTANT_CONVERSION = YES;
				CLANG_WARN_DIRECT_OBJC_ISA_USAGE = YES_ERROR;
				CLANG_WARN_EMPTY_BODY = YES;
				CLANG_WARN_ENUM_CONVERSION = YES;
				CLANG_WARN_INT_CONVERSION = YES;
				CLANG_WARN_OBJC_ROOT_CLASS = YES_ERROR;
				CLANG_WARN_UNREACHABLE_CODE = YES;
				CLANG_WARN__DUPLICATE_METHOD_MATCH = YES;
				"CODE_SIGN_IDENTITY[sdk=iphoneos*]" = "iPhone Developer";
				COPY_PHASE_STRIP = YES;
				ENABLE_NS_ASSERTIONS = NO;
				ENABLE_STRICT_OBJC_MSGSEND = YES;
				GCC_C_LANGUAGE_STANDARD = gnu99;
				GCC_WARN_64_TO_32_BIT_CONVERSION = YES;
				GCC_WARN_ABOUT_RETURN_TYPE = YES_ERROR;
				GCC_WARN_UNDECLARED_SELECTOR = YES;
				GCC_WARN_UNINITIALIZED_AUTOS = YES_AGGRESSIVE;
				GCC_WARN_UNUSED_FUNCTION = YES;
				GCC_WARN_UNUSED_VARIABLE = YES;
				IPHONEOS_DEPLOYMENT_TARGET = 8.1;
				MTL_ENABLE_DEBUG_INFO = NO;
				SDKROOT = iphoneos;
				TARGETED_DEVICE_FAMILY = "1,2";
				VALIDATE_PRODUCT = YES;
			};
			name = Release;
		};
		65FDDC9B1AA5728C00EBF26E /* Debug */ = {
			isa = XCBuildConfiguration;
			buildSettings = {
				ASSETCATALOG_COMPILER_APPICON_NAME = AppIcon;
				INFOPLIST_FILE = Autometry/Info.plist;
				LD_RUNPATH_SEARCH_PATHS = "$(inherited) @executable_path/Frameworks";
				PRODUCT_NAME = "$(TARGET_NAME)";
				TARGETED_DEVICE_FAMILY = 1;
			};
			name = Debug;
		};
		65FDDC9C1AA5728C00EBF26E /* Release */ = {
			isa = XCBuildConfiguration;
			buildSettings = {
				ASSETCATALOG_COMPILER_APPICON_NAME = AppIcon;
				INFOPLIST_FILE = Autometry/Info.plist;
				LD_RUNPATH_SEARCH_PATHS = "$(inherited) @executable_path/Frameworks";
				PRODUCT_NAME = "$(TARGET_NAME)";
				TARGETED_DEVICE_FAMILY = 1;
			};
			name = Release;
		};
		65FDDC9E1AA5728C00EBF26E /* Debug */ = {
			isa = XCBuildConfiguration;
			buildSettings = {
				BUNDLE_LOADER = "$(TEST_HOST)";
				FRAMEWORK_SEARCH_PATHS = (
					"$(SDKROOT)/Developer/Library/Frameworks",
					"$(inherited)",
				);
				GCC_PREPROCESSOR_DEFINITIONS = (
					"DEBUG=1",
					"$(inherited)",
				);
				INFOPLIST_FILE = AutometryTests/Info.plist;
				LD_RUNPATH_SEARCH_PATHS = "$(inherited) @executable_path/Frameworks @loader_path/Frameworks";
				PRODUCT_NAME = "$(TARGET_NAME)";
				TEST_HOST = "$(BUILT_PRODUCTS_DIR)/Autometry.app/Autometry";
			};
			name = Debug;
		};
		65FDDC9F1AA5728C00EBF26E /* Release */ = {
			isa = XCBuildConfiguration;
			buildSettings = {
				BUNDLE_LOADER = "$(TEST_HOST)";
				FRAMEWORK_SEARCH_PATHS = (
					"$(SDKROOT)/Developer/Library/Frameworks",
					"$(inherited)",
				);
				INFOPLIST_FILE = AutometryTests/Info.plist;
				LD_RUNPATH_SEARCH_PATHS = "$(inherited) @executable_path/Frameworks @loader_path/Frameworks";
				PRODUCT_NAME = "$(TARGET_NAME)";
				TEST_HOST = "$(BUILT_PRODUCTS_DIR)/Autometry.app/Autometry";
			};
			name = Release;
		};
/* End XCBuildConfiguration section */

/* Begin XCConfigurationList section */
		65FDDC761AA5728C00EBF26E /* Build configuration list for PBXProject "Autometry" */ = {
			isa = XCConfigurationList;
			buildConfigurations = (
				65FDDC981AA5728C00EBF26E /* Debug */,
				65FDDC991AA5728C00EBF26E /* Release */,
			);
			defaultConfigurationIsVisible = 0;
			defaultConfigurationName = Release;
		};
		65FDDC9A1AA5728C00EBF26E /* Build configuration list for PBXNativeTarget "Autometry" */ = {
			isa = XCConfigurationList;
			buildConfigurations = (
				65FDDC9B1AA5728C00EBF26E /* Debug */,
				65FDDC9C1AA5728C00EBF26E /* Release */,
			);
			defaultConfigurationIsVisible = 0;
			defaultConfigurationName = Release;
		};
		65FDDC9D1AA5728C00EBF26E /* Build configuration list for PBXNativeTarget "AutometryTests" */ = {
			isa = XCConfigurationList;
			buildConfigurations = (
				65FDDC9E1AA5728C00EBF26E /* Debug */,
				65FDDC9F1AA5728C00EBF26E /* Release */,
			);
			defaultConfigurationIsVisible = 0;
			defaultConfigurationName = Release;
		};
/* End XCConfigurationList section */

/* Begin XCVersionGroup section */
		65FDDCA61AA5734500EBF26E /* RefuelStore.xcdatamodeld */ = {
			isa = XCVersionGroup;
			children = (
				656A0BE11B4DE852008E301C /* RefuelStore 3.xcdatamodel */,
				65094A861AA8C65100B1FEB0 /* RefuelStore 2.xcdatamodel */,
				65FDDCA71AA5734500EBF26E /* RefuelStore.xcdatamodel */,
			);
			currentVersion = 656A0BE11B4DE852008E301C /* RefuelStore 3.xcdatamodel */;
			path = RefuelStore.xcdatamodeld;
			sourceTree = "<group>";
			versionGroupType = wrapper.xcdatamodel;
		};
/* End XCVersionGroup section */
	};
	rootObject = 65FDDC731AA5728C00EBF26E /* Project object */;
}
